
Microsoft Visual Studio Solution File, Format Version 12.00
# Visual Studio Version 16
VisualStudioVersion = 16.0.30907.101
MinimumVisualStudioVersion = 10.0.40219.1
Project("{FAE04EC0-301F-11D3-BF4B-00C04F79EFBC}") = "L4_Z4", "L4_Z4\L4_Z4.csproj", "{D409B700-159E-40AA-A8BD-1497241150F6}"
EndProject
Global
	GlobalSection(SolutionConfigurationPlatforms) = preSolution
		Debug|Any CPU = Debug|Any CPU
		Release|Any CPU = Release|Any CPU
	EndGlobalSection
	GlobalSection(ProjectConfigurationPlatforms) = postSolution
		{D409B700-159E-40AA-A8BD-1497241150F6}.Debug|Any CPU.ActiveCfg = Debug|Any CPU
		{D409B700-159E-40AA-A8BD-1497241150F6}.Debug|Any CPU.Build.0 = Debug|Any CPU
		{D409B700-159E-40AA-A8BD-1497241150F6}.Release|Any CPU.ActiveCfg = Release|Any CPU
		{D409B700-159E-40AA-A8BD-1497241150F6}.Release|Any CPU.Build.0 = Release|Any CPU
	EndGlobalSection
	GlobalSection(SolutionProperties) = preSolution
		HideSolutionNode = FALSE
	EndGlobalSection
	GlobalSection(ExtensibilityGlobals) = postSolution
		SolutionGuid = {122A93AA-1612-4F81-8267-DC76837818DF}
	EndGlobalSection
EndGlobal
